
Microsoft Visual Studio Solution File, Format Version 12.00
# Visual Studio Version 17
VisualStudioVersion = 17.6.33829.357
MinimumVisualStudioVersion = 10.0.40219.1
Project("{FAE04EC0-301F-11D3-BF4B-00C04F79EFBC}") = "Schere Stein Papier", "Schere Stein Papier.csproj", "{868CAA87-2CDC-4459-84C7-CB5F0336CDBA}"
EndProject
Global
	GlobalSection(SolutionConfigurationPlatforms) = preSolution
		Debug|Any CPU = Debug|Any CPU
		Release|Any CPU = Release|Any CPU
	EndGlobalSection
	GlobalSection(ProjectConfigurationPlatforms) = postSolution
		{868CAA87-2CDC-4459-84C7-CB5F0336CDBA}.Debug|Any CPU.ActiveCfg = Debug|Any CPU
		{868CAA87-2CDC-4459-84C7-CB5F0336CDBA}.Debug|Any CPU.Build.0 = Debug|Any CPU
		{868CAA87-2CDC-4459-84C7-CB5F0336CDBA}.Release|Any CPU.ActiveCfg = Release|Any CPU
		{868CAA87-2CDC-4459-84C7-CB5F0336CDBA}.Release|Any CPU.Build.0 = Release|Any CPU
	EndGlobalSection
	GlobalSection(SolutionProperties) = preSolution
		HideSolutionNode = FALSE
	EndGlobalSection
	GlobalSection(ExtensibilityGlobals) = postSolution
		SolutionGuid = {0BFA2A70-4980-41AD-93B8-01684315E0E4}
	EndGlobalSection
EndGlobal
